{
  "version": 4,
  "terraform_version": "1.9.3",
  "serial": 242,
  "lineage": "9726c2d9-6084-908b-447f-853171b14bc1",
  "outputs": {},
  "resources": [
    {
      "mode": "managed",
      "type": "null_resource",
      "name": "config_machine1",
      "provider": "provider[\"registry.terraform.io/hashicorp/null\"]",
      "instances": [
        {
          "schema_version": 0,
          "attributes": {
            "id": "4773251743934926102",
            "triggers": null
          },
          "sensitive_attributes": [],
          "dependencies": [
            "yandex_compute_disk.one",
            "yandex_compute_instance.machine1",
            "yandex_vpc_address.addr",
            "yandex_vpc_network.one_net",
            "yandex_vpc_subnet.public"
          ]
        }
      ]
    },
    {
      "mode": "managed",
      "type": "yandex_compute_disk",
      "name": "one",
      "provider": "provider[\"registry.terraform.io/yandex-cloud/yandex\"]",
      "instances": [
        {
          "schema_version": 0,
          "attributes": {
            "allow_recreate": null,
            "block_size": 4096,
            "created_at": "2024-08-30T15:27:56Z",
            "description": "",
            "disk_placement_policy": [
              {
                "disk_placement_group_id": ""
              }
            ],
            "folder_id": "b1gtp7jft4ciqlfode10",
            "id": "epd68g81cip9njtnv0rh",
            "image_id": "fd8781facvdr5090ovu6",
            "labels": null,
            "name": "disk-one",
            "product_ids": [
              "f2eskibnvivkjv4lngfg"
            ],
            "size": 15,
            "snapshot_id": "",
            "status": "ready",
            "timeouts": null,
            "type": "network-hdd",
            "zone": "ru-central1-b"
          },
          "sensitive_attributes": [],
          "private": "eyJlMmJmYjczMC1lY2FhLTExZTYtOGY4OC0zNDM2M2JjN2M0YzAiOnsiY3JlYXRlIjozMDAwMDAwMDAwMDAsImRlbGV0ZSI6MzAwMDAwMDAwMDAwLCJ1cGRhdGUiOjMwMDAwMDAwMDAwMH19"
        }
      ]
    },
    {
      "mode": "managed",
      "type": "yandex_compute_disk",
      "name": "two",
      "provider": "provider[\"registry.terraform.io/yandex-cloud/yandex\"]",
      "instances": [
        {
          "schema_version": 0,
          "attributes": {
            "allow_recreate": null,
            "block_size": 4096,
            "created_at": "2024-08-30T15:01:39Z",
            "description": "",
            "disk_placement_policy": [
              {
                "disk_placement_group_id": ""
              }
            ],
            "folder_id": "b1gtp7jft4ciqlfode10",
            "id": "epdn6a2q4rbsd0mud2m6",
            "image_id": "fd8781facvdr5090ovu6",
            "labels": {},
            "name": "disk-two",
            "product_ids": [
              "f2eskibnvivkjv4lngfg"
            ],
            "size": 15,
            "snapshot_id": "",
            "status": "ready",
            "timeouts": null,
            "type": "network-hdd",
            "zone": "ru-central1-b"
          },
          "sensitive_attributes": [],
          "private": "eyJlMmJmYjczMC1lY2FhLTExZTYtOGY4OC0zNDM2M2JjN2M0YzAiOnsiY3JlYXRlIjozMDAwMDAwMDAwMDAsImRlbGV0ZSI6MzAwMDAwMDAwMDAwLCJ1cGRhdGUiOjMwMDAwMDAwMDAwMH19"
        }
      ]
    },
    {
      "mode": "managed",
      "type": "yandex_compute_instance",
      "name": "machine1",
      "provider": "provider[\"registry.terraform.io/yandex-cloud/yandex\"]",
      "instances": [
        {
          "schema_version": 1,
          "attributes": {
            "allow_recreate": null,
            "allow_stopping_for_update": true,
            "boot_disk": [
              {
                "auto_delete": true,
                "device_name": "epd68g81cip9njtnv0rh",
                "disk_id": "epd68g81cip9njtnv0rh",
                "initialize_params": [
                  {
                    "block_size": 4096,
                    "description": "",
                    "image_id": "fd8781facvdr5090ovu6",
                    "name": "disk-one",
                    "size": 15,
                    "snapshot_id": "",
                    "type": "network-hdd"
                  }
                ],
                "mode": "READ_WRITE"
              }
            ],
            "created_at": "2024-08-30T15:28:07Z",
            "description": "",
            "filesystem": [],
            "folder_id": "b1gtp7jft4ciqlfode10",
            "fqdn": "epdolojfcjbl165s2n9e.auto.internal",
            "gpu_cluster_id": "",
            "hostname": "",
            "id": "epdolojfcjbl165s2n9e",
            "labels": null,
            "local_disk": [],
            "maintenance_grace_period": "",
            "maintenance_policy": null,
            "metadata": {
              "serial-port-enable": "1",
              "ssh-keys": "ubuntu:ssh-rsa AAAAB3NzaC1yc2EAAAADAQABAAABgQD0JVZx+rhq0wgDmiHR/riD2ERGqTFbWaIydwop9VDR9yZToG67v6kUSlL7nbioQkqVaoDPubj+XrhRmgRjN/Tw68ujD3eTSm96OVz8CAsDgJNUYLYm9CnmWQnUQHTCHswadf1GUBKbUosd1/jbVGQ7B1vgJSV4761gtzOfPnHtnVfNrCAGAmGtAaUekOuK0ineZJCE5rT8KrdaabK+gxKzSOWnR/qEGZJMQ/xLheee8pLoY7BGkD7Z2uGxL1EzZjDCD2sGi/LNxbxn4thW63SEC2dRDcjpzEp08HDROhv1Hfi4tSSm9xSvsvteY27tsMSiuvCaOxV4gXNCrYmJtsOyJIyc67+grA6Szo2j7aDORlVLGy+6hcP8E46OV6z0F/Df1D1RUaeJAIjoKkOOXF5GP5iKrxI5w/Jro79fidWV01AuRyBmXmZPf2PuNeMKjRfXkAHpGcF2Cq4JoJ8hzPrgc0ZkD3P5z70CPCH+HGnZvihHgZu1vG7p4J7i5RZBKhk= root@DESKTOP-7N9E6VQ\n",
              "user-data": "#cloud-config\r\ndatasource:\r\n  Ec2:\r\n    strict_id: false\r\nssh_pwauth: no\r\nusers:\r\n- name: ubuntu\r\n  sudo: 'ALL=(ALL) NOPASSWD:ALL'\r\n  shell: /bin/bash\r\n  ssh_authorized_keys:\r\n  - ssh-rsa AAAAB3NzaC1yc2EAAAADAQABAAABgQD0JVZx+rhq0wgDmiHR/riD2ERGqTFbWaIydwop9VDR9yZToG67v6kUSlL7nbioQkqVaoDPubj+XrhRmgRjN/Tw68ujD3eTSm96OVz8CAsDgJNUYLYm9CnmWQnUQHTCHswadf1GUBKbUosd1/jbVGQ7B1vgJSV4761gtzOfPnHtnVfNrCAGAmGtAaUekOuK0ineZJCE5rT8KrdaabK+gxKzSOWnR/qEGZJMQ/xLheee8pLoY7BGkD7Z2uGxL1EzZjDCD2sGi/LNxbxn4thW63SEC2dRDcjpzEp08HDROhv1Hfi4tSSm9xSvsvteY27tsMSiuvCaOxV4gXNCrYmJtsOyJIyc67+grA6Szo2j7aDORlVLGy+6hcP8E46OV6z0F/Df1D1RUaeJAIjoKkOOXF5GP5iKrxI5w/Jro79fidWV01AuRyBmXmZPf2PuNeMKjRfXkAHpGcF2Cq4JoJ8hzPrgc0ZkD3P5z70CPCH+HGnZvihHgZu1vG7p4J7i5RZBKhk= root@DESKTOP-7N9E6VQ\r\nruncmd:\r\n  - []"
            },
            "metadata_options": [
              {
                "aws_v1_http_endpoint": 1,
                "aws_v1_http_token": 2,
                "gce_http_endpoint": 1,
                "gce_http_token": 1
              }
            ],
            "name": "pub",
            "network_acceleration_type": "standard",
            "network_interface": [
              {
                "dns_record": [],
                "index": 0,
                "ip_address": "192.168.20.8",
                "ipv4": true,
                "ipv6": false,
                "ipv6_address": "",
                "ipv6_dns_record": [],
                "mac_address": "d0:0d:18:ae:26:f6",
                "nat": true,
                "nat_dns_record": [],
                "nat_ip_address": "89.169.161.254",
                "nat_ip_version": "IPV4",
                "security_group_ids": [],
                "subnet_id": "e2lcmtnli97tji8pql5h"
              }
            ],
            "placement_policy": [
              {
                "host_affinity_rules": [],
                "placement_group_id": "",
                "placement_group_partition": 0
              }
            ],
            "platform_id": "standard-v3",
            "resources": [
              {
                "core_fraction": 100,
                "cores": 2,
                "gpus": 0,
                "memory": 4
              }
            ],
            "scheduling_policy": [
              {
                "preemptible": false
              }
            ],
            "secondary_disk": [],
            "service_account_id": "",
            "status": "running",
            "timeouts": null,
            "zone": "ru-central1-b"
          },
          "sensitive_attributes": [],
          "private": "eyJlMmJmYjczMC1lY2FhLTExZTYtOGY4OC0zNDM2M2JjN2M0YzAiOnsiY3JlYXRlIjozMDAwMDAwMDAwMDAsImRlbGV0ZSI6MzAwMDAwMDAwMDAwLCJ1cGRhdGUiOjMwMDAwMDAwMDAwMH0sInNjaGVtYV92ZXJzaW9uIjoiMSJ9",
          "dependencies": [
            "yandex_compute_disk.one",
            "yandex_vpc_address.addr",
            "yandex_vpc_network.one_net",
            "yandex_vpc_subnet.public"
          ]
        }
      ]
    },
    {
      "mode": "managed",
      "type": "yandex_compute_instance",
      "name": "machine2",
      "provider": "provider[\"registry.terraform.io/yandex-cloud/yandex\"]",
      "instances": [
        {
          "schema_version": 1,
          "attributes": {
            "allow_recreate": null,
            "allow_stopping_for_update": true,
            "boot_disk": [
              {
                "auto_delete": true,
                "device_name": "epdn6a2q4rbsd0mud2m6",
                "disk_id": "epdn6a2q4rbsd0mud2m6",
                "initialize_params": [
                  {
                    "block_size": 4096,
                    "description": "",
                    "image_id": "fd8781facvdr5090ovu6",
                    "name": "disk-two",
                    "size": 15,
                    "snapshot_id": "",
                    "type": "network-hdd"
                  }
                ],
                "mode": "READ_WRITE"
              }
            ],
            "created_at": "2024-08-30T15:01:51Z",
            "description": "",
            "filesystem": [],
            "folder_id": "b1gtp7jft4ciqlfode10",
            "fqdn": "epdd4d068jt4m67gpclj.auto.internal",
            "gpu_cluster_id": "",
            "hostname": "",
            "id": "epdd4d068jt4m67gpclj",
            "labels": {},
            "local_disk": [],
            "maintenance_grace_period": "",
            "maintenance_policy": null,
            "metadata": {
              "ssh-keys": "ubuntu:ssh-rsa AAAAB3NzaC1yc2EAAAADAQABAAABgQD0JVZx+rhq0wgDmiHR/riD2ERGqTFbWaIydwop9VDR9yZToG67v6kUSlL7nbioQkqVaoDPubj+XrhRmgRjN/Tw68ujD3eTSm96OVz8CAsDgJNUYLYm9CnmWQnUQHTCHswadf1GUBKbUosd1/jbVGQ7B1vgJSV4761gtzOfPnHtnVfNrCAGAmGtAaUekOuK0ineZJCE5rT8KrdaabK+gxKzSOWnR/qEGZJMQ/xLheee8pLoY7BGkD7Z2uGxL1EzZjDCD2sGi/LNxbxn4thW63SEC2dRDcjpzEp08HDROhv1Hfi4tSSm9xSvsvteY27tsMSiuvCaOxV4gXNCrYmJtsOyJIyc67+grA6Szo2j7aDORlVLGy+6hcP8E46OV6z0F/Df1D1RUaeJAIjoKkOOXF5GP5iKrxI5w/Jro79fidWV01AuRyBmXmZPf2PuNeMKjRfXkAHpGcF2Cq4JoJ8hzPrgc0ZkD3P5z70CPCH+HGnZvihHgZu1vG7p4J7i5RZBKhk= root@DESKTOP-7N9E6VQ\n"
            },
            "metadata_options": [
              {
                "aws_v1_http_endpoint": 1,
                "aws_v1_http_token": 2,
                "gce_http_endpoint": 1,
                "gce_http_token": 1
              }
            ],
            "name": "priv",
            "network_acceleration_type": "standard",
            "network_interface": [
              {
                "dns_record": [],
                "index": 0,
                "ip_address": "192.168.10.31",
                "ipv4": true,
                "ipv6": false,
                "ipv6_address": "",
                "ipv6_dns_record": [],
                "mac_address": "d0:0d:d2:34:06:44",
                "nat": true,
                "nat_dns_record": [],
                "nat_ip_address": "89.169.171.168",
                "nat_ip_version": "IPV4",
                "security_group_ids": [],
                "subnet_id": "e2leviptu7fpcra0a52s"
              }
            ],
            "placement_policy": [
              {
                "host_affinity_rules": [],
                "placement_group_id": "",
                "placement_group_partition": 0
              }
            ],
            "platform_id": "standard-v3",
            "resources": [
              {
                "core_fraction": 100,
                "cores": 2,
                "gpus": 0,
                "memory": 4
              }
            ],
            "scheduling_policy": [
              {
                "preemptible": false
              }
            ],
            "secondary_disk": [],
            "service_account_id": "",
            "status": "running",
            "timeouts": null,
            "zone": "ru-central1-b"
          },
          "sensitive_attributes": [],
          "private": "eyJlMmJmYjczMC1lY2FhLTExZTYtOGY4OC0zNDM2M2JjN2M0YzAiOnsiY3JlYXRlIjozMDAwMDAwMDAwMDAsImRlbGV0ZSI6MzAwMDAwMDAwMDAwLCJ1cGRhdGUiOjMwMDAwMDAwMDAwMH0sInNjaGVtYV92ZXJzaW9uIjoiMSJ9",
          "dependencies": [
            "yandex_compute_disk.two",
            "yandex_vpc_network.one_net",
            "yandex_vpc_subnet.private"
          ]
        }
      ]
    },
    {
      "mode": "managed",
      "type": "yandex_compute_instance",
      "name": "machine3",
      "provider": "provider[\"registry.terraform.io/yandex-cloud/yandex\"]",
      "instances": [
        {
          "schema_version": 1,
          "attributes": {
            "allow_recreate": null,
            "allow_stopping_for_update": null,
            "boot_disk": [
              {
                "auto_delete": true,
                "device_name": "epdfg6scbcgeqi74avo5",
                "disk_id": "epdfg6scbcgeqi74avo5",
                "initialize_params": [
                  {
                    "block_size": 4096,
                    "description": "",
                    "image_id": "fd8btqg2mh540ftne9p4",
                    "name": "",
                    "size": 20,
                    "snapshot_id": "",
                    "type": "network-hdd"
                  }
                ],
                "mode": "READ_WRITE"
              }
            ],
            "created_at": "2024-08-30T15:38:49Z",
            "description": "",
            "filesystem": [],
            "folder_id": "b1gtp7jft4ciqlfode10",
            "fqdn": "machine3.ru-central1.internal",
            "gpu_cluster_id": "",
            "hostname": "machine3",
            "id": "epdfepi2tn4s6v0v533f",
            "labels": {},
            "local_disk": [],
            "maintenance_grace_period": "",
            "maintenance_policy": null,
            "metadata": {
              "install-unified-agent": "0",
              "serial-port-enable": "0",
              "ssh-keys": "ubuntu:ssh-rsa AAAAB3NzaC1yc2EAAAADAQABAAABgQD0JVZx+rhq0wgDmiHR/riD2ERGqTFbWaIydwop9VDR9yZToG67v6kUSlL7nbioQkqVaoDPubj+XrhRmgRjN/Tw68ujD3eTSm96OVz8CAsDgJNUYLYm9CnmWQnUQHTCHswadf1GUBKbUosd1/jbVGQ7B1vgJSV4761gtzOfPnHtnVfNrCAGAmGtAaUekOuK0ineZJCE5rT8KrdaabK+gxKzSOWnR/qEGZJMQ/xLheee8pLoY7BGkD7Z2uGxL1EzZjDCD2sGi/LNxbxn4thW63SEC2dRDcjpzEp08HDROhv1Hfi4tSSm9xSvsvteY27tsMSiuvCaOxV4gXNCrYmJtsOyJIyc67+grA6Szo2j7aDORlVLGy+6hcP8E46OV6z0F/Df1D1RUaeJAIjoKkOOXF5GP5iKrxI5w/Jro79fidWV01AuRyBmXmZPf2PuNeMKjRfXkAHpGcF2Cq4JoJ8hzPrgc0ZkD3P5z70CPCH+HGnZvihHgZu1vG7p4J7i5RZBKhk= root@DESKTOP-7N9E6VQ\n",
              "user-data": "#cloud-config\ndatasource:\n Ec2:\n  strict_id: false\nssh_pwauth: no\nusers:\n- name: ubuntu\n  sudo: ALL=(ALL) NOPASSWD:ALL\n  shell: /bin/bash\n  ssh_authorized_keys:\n  - ssh-rsa AAAAB3NzaC1yc2EAAAADAQABAAABgQD0JVZx+rhq0wgDmiHR/riD2ERGqTFbWaIydwop9VDR9yZToG67v6kUSlL7nbioQkqVaoDPubj+XrhRmgRjN/Tw68ujD3eTSm96OVz8CAsDgJNUYLYm9CnmWQnUQHTCHswadf1GUBKbUosd1/jbVGQ7B1vgJSV4761gtzOfPnHtnVfNrCAGAmGtAaUekOuK0ineZJCE5rT8KrdaabK+gxKzSOWnR/qEGZJMQ/xLheee8pLoY7BGkD7Z2uGxL1EzZjDCD2sGi/LNxbxn4thW63SEC2dRDcjpzEp08HDROhv1Hfi4tSSm9xSvsvteY27tsMSiuvCaOxV4gXNCrYmJtsOyJIyc67+grA6Szo2j7aDORlVLGy+6hcP8E46OV6z0F/Df1D1RUaeJAIjoKkOOXF5GP5iKrxI5w/Jro79fidWV01AuRyBmXmZPf2PuNeMKjRfXkAHpGcF2Cq4JoJ8hzPrgc0ZkD3P5z70CPCH+HGnZvihHgZu1vG7p4J7i5RZBKhk= root@DESKTOP-7N9E6VQ"
            },
            "metadata_options": [
              {
                "aws_v1_http_endpoint": 1,
                "aws_v1_http_token": 2,
                "gce_http_endpoint": 1,
                "gce_http_token": 1
              }
            ],
            "name": "machine3",
            "network_acceleration_type": "standard",
            "network_interface": [
              {
                "dns_record": [],
                "index": 0,
                "ip_address": "192.168.20.18",
                "ipv4": true,
                "ipv6": false,
                "ipv6_address": "",
                "ipv6_dns_record": [],
                "mac_address": "d0:0d:f7:66:42:ed",
                "nat": true,
                "nat_dns_record": [],
                "nat_ip_address": "51.250.103.225",
                "nat_ip_version": "IPV4",
                "security_group_ids": [],
                "subnet_id": "e2lcmtnli97tji8pql5h"
              }
            ],
            "placement_policy": [
              {
                "host_affinity_rules": [],
                "placement_group_id": "",
                "placement_group_partition": 0
              }
            ],
            "platform_id": "standard-v3",
            "resources": [
              {
                "core_fraction": 100,
                "cores": 2,
                "gpus": 0,
                "memory": 2
              }
            ],
            "scheduling_policy": [
              {
                "preemptible": false
              }
            ],
            "secondary_disk": [],
            "service_account_id": "ajeslt62l4bbjiiv37jv",
            "status": "running",
            "timeouts": null,
            "zone": "ru-central1-b"
          },
          "sensitive_attributes": [],
          "private": "eyJlMmJmYjczMC1lY2FhLTExZTYtOGY4OC0zNDM2M2JjN2M0YzAiOnsiY3JlYXRlIjozMDAwMDAwMDAwMDAsImRlbGV0ZSI6MzAwMDAwMDAwMDAwLCJ1cGRhdGUiOjMwMDAwMDAwMDAwMH0sInNjaGVtYV92ZXJzaW9uIjoiMSJ9"
        }
      ]
    },
    {
      "mode": "managed",
      "type": "yandex_vpc_address",
      "name": "addr",
      "provider": "provider[\"registry.terraform.io/yandex-cloud/yandex\"]",
      "instances": [
        {
          "schema_version": 0,
          "attributes": {
            "created_at": "2024-08-30T15:01:39Z",
            "deletion_protection": false,
            "description": "",
            "dns_record": [],
            "external_ipv4_address": [
              {
                "address": "89.169.161.254",
                "ddos_protection_provider": "",
                "outgoing_smtp_capability": "",
                "zone_id": "ru-central1-b"
              }
            ],
            "folder_id": "b1gtp7jft4ciqlfode10",
            "id": "e2lbf6j637hbjdt5mvot",
            "labels": {},
            "name": "",
            "reserved": true,
            "timeouts": null,
            "used": false
          },
          "sensitive_attributes": [],
          "private": "eyJlMmJmYjczMC1lY2FhLTExZTYtOGY4OC0zNDM2M2JjN2M0YzAiOnsiY3JlYXRlIjozMDAwMDAwMDAwMCwiZGVsZXRlIjozMDAwMDAwMDAwMCwidXBkYXRlIjozMDAwMDAwMDAwMH19"
        }
      ]
    },
    {
      "mode": "managed",
      "type": "yandex_vpc_gateway",
      "name": "nat_gateway",
      "provider": "provider[\"registry.terraform.io/yandex-cloud/yandex\"]",
      "instances": [
        {
          "schema_version": 0,
          "attributes": {
            "created_at": "2024-08-30T15:01:39Z",
            "description": "",
            "folder_id": "b1gtp7jft4ciqlfode10",
            "id": "enpkq1sjpnl1r2tli2nd",
            "labels": {},
            "name": "gateway",
            "shared_egress_gateway": [
              {}
            ],
            "timeouts": null
          },
          "sensitive_attributes": [],
          "private": "eyJlMmJmYjczMC1lY2FhLTExZTYtOGY4OC0zNDM2M2JjN2M0YzAiOnsiY3JlYXRlIjo2MDAwMDAwMDAwMCwiZGVsZXRlIjo2MDAwMDAwMDAwMCwidXBkYXRlIjo2MDAwMDAwMDAwMH19"
        }
      ]
    },
    {
      "mode": "managed",
      "type": "yandex_vpc_network",
      "name": "one_net",
      "provider": "provider[\"registry.terraform.io/yandex-cloud/yandex\"]",
      "instances": [
        {
          "schema_version": 0,
          "attributes": {
            "created_at": "2024-08-30T15:01:39Z",
            "default_security_group_id": "enpgvns950ethjobrv71",
            "description": "",
            "folder_id": "b1gtp7jft4ciqlfode10",
            "id": "enpkn2n9qof9e4ehmekn",
            "labels": {},
            "name": "one-net",
            "subnet_ids": [
              "e2lcmtnli97tji8pql5h",
              "e2leviptu7fpcra0a52s"
            ],
            "timeouts": null
          },
          "sensitive_attributes": [],
          "private": "eyJlMmJmYjczMC1lY2FhLTExZTYtOGY4OC0zNDM2M2JjN2M0YzAiOnsiY3JlYXRlIjo2MDAwMDAwMDAwMCwiZGVsZXRlIjo2MDAwMDAwMDAwMCwidXBkYXRlIjo2MDAwMDAwMDAwMH19"
        }
      ]
    },
    {
      "mode": "managed",
      "type": "yandex_vpc_route_table",
      "name": "global_route",
      "provider": "provider[\"registry.terraform.io/yandex-cloud/yandex\"]",
      "instances": [
        {
          "schema_version": 0,
          "attributes": {
            "created_at": "2024-08-30T15:01:41Z",
            "description": "",
            "folder_id": "b1gtp7jft4ciqlfode10",
            "id": "enpkm6apiv7er16dirga",
            "labels": {},
            "name": "global-route",
            "network_id": "enpkn2n9qof9e4ehmekn",
            "static_route": [
              {
                "destination_prefix": "0.0.0.0/0",
                "gateway_id": "enpkq1sjpnl1r2tli2nd",
                "next_hop_address": ""
              }
            ],
            "timeouts": null
          },
          "sensitive_attributes": [],
          "private": "eyJlMmJmYjczMC1lY2FhLTExZTYtOGY4OC0zNDM2M2JjN2M0YzAiOnsiY3JlYXRlIjoxODAwMDAwMDAwMDAsImRlbGV0ZSI6MTgwMDAwMDAwMDAwLCJ1cGRhdGUiOjE4MDAwMDAwMDAwMH19",
          "dependencies": [
            "yandex_vpc_gateway.nat_gateway",
            "yandex_vpc_network.one_net"
          ]
        }
      ]
    },
    {
      "mode": "managed",
      "type": "yandex_vpc_security_group",
      "name": "group1",
      "provider": "provider[\"registry.terraform.io/yandex-cloud/yandex\"]",
      "instances": [
        {
          "schema_version": 0,
          "attributes": {
            "created_at": "2024-08-30T15:01:42Z",
            "description": "ssh and http ports",
            "egress": [
              {
                "description": "rule out",
                "from_port": 1,
                "id": "enps6gs3vn244afi24qr",
                "labels": {},
                "port": -1,
                "predefined_target": "",
                "protocol": "ANY",
                "security_group_id": "",
                "to_port": 65000,
                "v4_cidr_blocks": [
                  "0.0.0.0/0"
                ],
                "v6_cidr_blocks": []
              }
            ],
            "folder_id": "b1gtp7jft4ciqlfode10",
            "id": "enpuvfccri5l13078egb",
            "ingress": [
              {
                "description": "rule http in",
                "from_port": -1,
                "id": "enpnv6fpmcrqv2sr4jlg",
                "labels": {},
                "port": 80,
                "predefined_target": "",
                "protocol": "TCP",
                "security_group_id": "",
                "to_port": -1,
                "v4_cidr_blocks": [
                  "192.168.20.0/24"
                ],
                "v6_cidr_blocks": []
              },
              {
                "description": "rule ssh in",
                "from_port": -1,
                "id": "enpdato3u63ihoi15tsc",
                "labels": {},
                "port": 22,
                "predefined_target": "",
                "protocol": "TCP",
                "security_group_id": "",
                "to_port": -1,
                "v4_cidr_blocks": [
                  "192.168.20.0/24"
                ],
                "v6_cidr_blocks": []
              }
            ],
            "labels": {},
            "name": "",
            "network_id": "enpkn2n9qof9e4ehmekn",
            "status": "ACTIVE",
            "timeouts": null
          },
          "sensitive_attributes": [],
          "private": "eyJlMmJmYjczMC1lY2FhLTExZTYtOGY4OC0zNDM2M2JjN2M0YzAiOnsiY3JlYXRlIjoxODAwMDAwMDAwMDAsImRlbGV0ZSI6MTgwMDAwMDAwMDAwLCJ1cGRhdGUiOjE4MDAwMDAwMDAwMH19",
          "dependencies": [
            "yandex_vpc_network.one_net"
          ]
        }
      ]
    },
    {
      "mode": "managed",
      "type": "yandex_vpc_security_group",
      "name": "group2",
      "provider": "provider[\"registry.terraform.io/yandex-cloud/yandex\"]",
      "instances": [
        {
          "schema_version": 0,
          "attributes": {
            "created_at": "2024-08-30T15:01:43Z",
            "description": "ssh and 8080 ports",
            "egress": [
              {
                "description": "rule out",
                "from_port": -1,
                "id": "enpevtg754gmc5rnn0uh",
                "labels": {},
                "port": -1,
                "predefined_target": "",
                "protocol": "ANY",
                "security_group_id": "",
                "to_port": -1,
                "v4_cidr_blocks": [
                  "0.0.0.0/0"
                ],
                "v6_cidr_blocks": []
              }
            ],
            "folder_id": "b1gtp7jft4ciqlfode10",
            "id": "enpk544rgubncffk0ee5",
            "ingress": [
              {
                "description": "rule 8080 in",
                "from_port": -1,
                "id": "enpg30cqkn4bsut9emhv",
                "labels": {},
                "port": 8080,
                "predefined_target": "",
                "protocol": "TCP",
                "security_group_id": "",
                "to_port": -1,
                "v4_cidr_blocks": [
                  "192.168.10.0/24"
                ],
                "v6_cidr_blocks": []
              },
              {
                "description": "rule ssh in",
                "from_port": -1,
                "id": "enptrh6npo250ei6cjkg",
                "labels": {},
                "port": 22,
                "predefined_target": "",
                "protocol": "TCP",
                "security_group_id": "",
                "to_port": -1,
                "v4_cidr_blocks": [
                  "192.168.10.0/24"
                ],
                "v6_cidr_blocks": []
              }
            ],
            "labels": {},
            "name": "",
            "network_id": "enpkn2n9qof9e4ehmekn",
            "status": "ACTIVE",
            "timeouts": null
          },
          "sensitive_attributes": [],
          "private": "eyJlMmJmYjczMC1lY2FhLTExZTYtOGY4OC0zNDM2M2JjN2M0YzAiOnsiY3JlYXRlIjoxODAwMDAwMDAwMDAsImRlbGV0ZSI6MTgwMDAwMDAwMDAwLCJ1cGRhdGUiOjE4MDAwMDAwMDAwMH19",
          "dependencies": [
            "yandex_vpc_network.one_net"
          ]
        }
      ]
    },
    {
      "mode": "managed",
      "type": "yandex_vpc_subnet",
      "name": "private",
      "provider": "provider[\"registry.terraform.io/yandex-cloud/yandex\"]",
      "instances": [
        {
          "schema_version": 0,
          "attributes": {
            "created_at": "2024-08-30T15:01:42Z",
            "description": "",
            "dhcp_options": [],
            "folder_id": "b1gtp7jft4ciqlfode10",
            "id": "e2leviptu7fpcra0a52s",
            "labels": {},
            "name": "subnet-private",
            "network_id": "enpkn2n9qof9e4ehmekn",
            "route_table_id": "",
            "timeouts": null,
            "v4_cidr_blocks": [
              "192.168.10.0/24"
            ],
            "v6_cidr_blocks": [],
            "zone": "ru-central1-b"
          },
          "sensitive_attributes": [],
          "private": "eyJlMmJmYjczMC1lY2FhLTExZTYtOGY4OC0zNDM2M2JjN2M0YzAiOnsiY3JlYXRlIjoxODAwMDAwMDAwMDAsImRlbGV0ZSI6MTgwMDAwMDAwMDAwLCJ1cGRhdGUiOjE4MDAwMDAwMDAwMH19",
          "dependencies": [
            "yandex_vpc_network.one_net"
          ]
        }
      ]
    },
    {
      "mode": "managed",
      "type": "yandex_vpc_subnet",
      "name": "public",
      "provider": "provider[\"registry.terraform.io/yandex-cloud/yandex\"]",
      "instances": [
        {
          "schema_version": 0,
          "attributes": {
            "created_at": "2024-08-30T15:01:41Z",
            "description": "",
            "dhcp_options": [],
            "folder_id": "b1gtp7jft4ciqlfode10",
            "id": "e2lcmtnli97tji8pql5h",
            "labels": {},
            "name": "subnet-public",
            "network_id": "enpkn2n9qof9e4ehmekn",
            "route_table_id": "",
            "timeouts": null,
            "v4_cidr_blocks": [
              "192.168.20.0/24"
            ],
            "v6_cidr_blocks": [],
            "zone": "ru-central1-b"
          },
          "sensitive_attributes": [],
          "private": "eyJlMmJmYjczMC1lY2FhLTExZTYtOGY4OC0zNDM2M2JjN2M0YzAiOnsiY3JlYXRlIjoxODAwMDAwMDAwMDAsImRlbGV0ZSI6MTgwMDAwMDAwMDAwLCJ1cGRhdGUiOjE4MDAwMDAwMDAwMH19",
          "dependencies": [
            "yandex_vpc_network.one_net"
          ]
        }
      ]
    }
  ],
  "check_results": null
}
